// !$*UTF8*$!
{
	archiveVersion = 1;
	classes = {
	};
	objectVersion = 56;
	objects = {

/* Begin PBXBuildFile section */
		04234B4A2A83294200C011E2 /* RMOrigin.swift in Sources */ = {isa = PBXBuildFile; fileRef = 04234B492A83294200C011E2 /* RMOrigin.swift */; };
		04234B4C2A832A3D00C011E2 /* RMSingleLocation.swift in Sources */ = {isa = PBXBuildFile; fileRef = 04234B4B2A832A3D00C011E2 /* RMSingleLocation.swift */; };
		04234B502A832BF700C011E2 /* RMCharacterStatus.swift in Sources */ = {isa = PBXBuildFile; fileRef = 04234B4F2A832BF700C011E2 /* RMCharacterStatus.swift */; };
		04234B522A832C4200C011E2 /* RMCharactersGender.swift in Sources */ = {isa = PBXBuildFile; fileRef = 04234B512A832C4200C011E2 /* RMCharactersGender.swift */; };
		0424D9BE2A7CC6DB00A5C01D /* RMService.swift in Sources */ = {isa = PBXBuildFile; fileRef = 0424D9BD2A7CC6DB00A5C01D /* RMService.swift */; };
		0424D9C02A7CC6ED00A5C01D /* RMRequest.swift in Sources */ = {isa = PBXBuildFile; fileRef = 0424D9BF2A7CC6ED00A5C01D /* RMRequest.swift */; };
		0424D9C22A7CD24600A5C01D /* RMEndpoint.swift in Sources */ = {isa = PBXBuildFile; fileRef = 0424D9C12A7CD24600A5C01D /* RMEndpoint.swift */; };
		044747FE2A98035B005B78CE /* RMCharacterListViewViewModel.swift in Sources */ = {isa = PBXBuildFile; fileRef = 044747FD2A98035B005B78CE /* RMCharacterListViewViewModel.swift */; };
		044748002A98037C005B78CE /* RMCharacterCollectionViewCellViewModel.swift in Sources */ = {isa = PBXBuildFile; fileRef = 044747FF2A98037C005B78CE /* RMCharacterCollectionViewCellViewModel.swift */; };
		044748022A98038F005B78CE /* Extensions.swift in Sources */ = {isa = PBXBuildFile; fileRef = 044748012A98038F005B78CE /* Extensions.swift */; };
		044748052A98039F005B78CE /* RMGetAllCharactersResponse.swift in Sources */ = {isa = PBXBuildFile; fileRef = 044748042A98039F005B78CE /* RMGetAllCharactersResponse.swift */; };
		044748082A9803BF005B78CE /* RMCharacterListView.swift in Sources */ = {isa = PBXBuildFile; fileRef = 044748062A9803BF005B78CE /* RMCharacterListView.swift */; };
		044748092A9803BF005B78CE /* RMCharacterCollectionViewCell.swift in Sources */ = {isa = PBXBuildFile; fileRef = 044748072A9803BF005B78CE /* RMCharacterCollectionViewCell.swift */; };
		04AD50812A9D58D40088B173 /* RMCharacterDetailViewController.swift in Sources */ = {isa = PBXBuildFile; fileRef = 04AD50802A9D58D40088B173 /* RMCharacterDetailViewController.swift */; };
		04AD50832A9D5A090088B173 /* RMCharacterDetailView.swift in Sources */ = {isa = PBXBuildFile; fileRef = 04AD50822A9D5A090088B173 /* RMCharacterDetailView.swift */; };
		04AD50852A9D5A290088B173 /* RMCharacterDetailViewViewModel.swift in Sources */ = {isa = PBXBuildFile; fileRef = 04AD50842A9D5A290088B173 /* RMCharacterDetailViewViewModel.swift */; };
		04B1E94C2A6F6372008F61A5 /* AppDelegate.swift in Sources */ = {isa = PBXBuildFile; fileRef = 04B1E94B2A6F6372008F61A5 /* AppDelegate.swift */; };
		04B1E94E2A6F6372008F61A5 /* SceneDelegate.swift in Sources */ = {isa = PBXBuildFile; fileRef = 04B1E94D2A6F6372008F61A5 /* SceneDelegate.swift */; };
		04B1E9502A6F6372008F61A5 /* RMTabBarController.swift in Sources */ = {isa = PBXBuildFile; fileRef = 04B1E94F2A6F6372008F61A5 /* RMTabBarController.swift */; };
		04B1E9552A6F6375008F61A5 /* Assets.xcassets in Resources */ = {isa = PBXBuildFile; fileRef = 04B1E9542A6F6375008F61A5 /* Assets.xcassets */; };
		04B1E9582A6F6375008F61A5 /* LaunchScreen.storyboard in Resources */ = {isa = PBXBuildFile; fileRef = 04B1E9562A6F6375008F61A5 /* LaunchScreen.storyboard */; };
		04B1E9672A6F6C1C008F61A5 /* RMLocation.swift in Sources */ = {isa = PBXBuildFile; fileRef = 04B1E9662A6F6C1C008F61A5 /* RMLocation.swift */; };
		04B1E9692A6F6C2C008F61A5 /* RMCharacter.swift in Sources */ = {isa = PBXBuildFile; fileRef = 04B1E9682A6F6C2C008F61A5 /* RMCharacter.swift */; };
		04B1E96B2A6F6C45008F61A5 /* RMEpisode.swift in Sources */ = {isa = PBXBuildFile; fileRef = 04B1E96A2A6F6C45008F61A5 /* RMEpisode.swift */; };
		04B1E96E2A6F6D43008F61A5 /* RMCharacterViewController.swift in Sources */ = {isa = PBXBuildFile; fileRef = 04B1E96D2A6F6D43008F61A5 /* RMCharacterViewController.swift */; };
		04B1E9702A6F6D62008F61A5 /* RMLocationViewController.swift in Sources */ = {isa = PBXBuildFile; fileRef = 04B1E96F2A6F6D62008F61A5 /* RMLocationViewController.swift */; };
		04B1E9722A6F6D7B008F61A5 /* RMEpisodeViewController.swift in Sources */ = {isa = PBXBuildFile; fileRef = 04B1E9712A6F6D7B008F61A5 /* RMEpisodeViewController.swift */; };
		04B1E9742A6F6D8A008F61A5 /* RMSettingsViewController.swift in Sources */ = {isa = PBXBuildFile; fileRef = 04B1E9732A6F6D8A008F61A5 /* RMSettingsViewController.swift */; };
		04BB98DC2A9E57550054DAE8 /* RMFooterLoadingCollectionReusableView.swift in Sources */ = {isa = PBXBuildFile; fileRef = 04BB98DB2A9E57550054DAE8 /* RMFooterLoadingCollectionReusableView.swift */; };
/* End PBXBuildFile section */

/* Begin PBXFileReference section */
		04234B492A83294200C011E2 /* RMOrigin.swift */ = {isa = PBXFileReference; lastKnownFileType = sourcecode.swift; path = RMOrigin.swift; sourceTree = "<group>"; };
		04234B4B2A832A3D00C011E2 /* RMSingleLocation.swift */ = {isa = PBXFileReference; lastKnownFileType = sourcecode.swift; path = RMSingleLocation.swift; sourceTree = "<group>"; };
		04234B4F2A832BF700C011E2 /* RMCharacterStatus.swift */ = {isa = PBXFileReference; lastKnownFileType = sourcecode.swift; path = RMCharacterStatus.swift; sourceTree = "<group>"; };
		04234B512A832C4200C011E2 /* RMCharactersGender.swift */ = {isa = PBXFileReference; lastKnownFileType = sourcecode.swift; path = RMCharactersGender.swift; sourceTree = "<group>"; };
		0424D9BD2A7CC6DB00A5C01D /* RMService.swift */ = {isa = PBXFileReference; lastKnownFileType = sourcecode.swift; path = RMService.swift; sourceTree = "<group>"; };
		0424D9BF2A7CC6ED00A5C01D /* RMRequest.swift */ = {isa = PBXFileReference; lastKnownFileType = sourcecode.swift; path = RMRequest.swift; sourceTree = "<group>"; };
		0424D9C12A7CD24600A5C01D /* RMEndpoint.swift */ = {isa = PBXFileReference; lastKnownFileType = sourcecode.swift; path = RMEndpoint.swift; sourceTree = "<group>"; };
		044747FD2A98035B005B78CE /* RMCharacterListViewViewModel.swift */ = {isa = PBXFileReference; fileEncoding = 4; lastKnownFileType = sourcecode.swift; path = RMCharacterListViewViewModel.swift; sourceTree = "<group>"; };
		044747FF2A98037C005B78CE /* RMCharacterCollectionViewCellViewModel.swift */ = {isa = PBXFileReference; fileEncoding = 4; lastKnownFileType = sourcecode.swift; path = RMCharacterCollectionViewCellViewModel.swift; sourceTree = "<group>"; };
		044748012A98038F005B78CE /* Extensions.swift */ = {isa = PBXFileReference; fileEncoding = 4; lastKnownFileType = sourcecode.swift; path = Extensions.swift; sourceTree = "<group>"; };
		044748042A98039F005B78CE /* RMGetAllCharactersResponse.swift */ = {isa = PBXFileReference; fileEncoding = 4; lastKnownFileType = sourcecode.swift; path = RMGetAllCharactersResponse.swift; sourceTree = "<group>"; };
		044748062A9803BF005B78CE /* RMCharacterListView.swift */ = {isa = PBXFileReference; fileEncoding = 4; lastKnownFileType = sourcecode.swift; path = RMCharacterListView.swift; sourceTree = "<group>"; };
		044748072A9803BF005B78CE /* RMCharacterCollectionViewCell.swift */ = {isa = PBXFileReference; fileEncoding = 4; lastKnownFileType = sourcecode.swift; path = RMCharacterCollectionViewCell.swift; sourceTree = "<group>"; };
		04AD50802A9D58D40088B173 /* RMCharacterDetailViewController.swift */ = {isa = PBXFileReference; lastKnownFileType = sourcecode.swift; path = RMCharacterDetailViewController.swift; sourceTree = "<group>"; };
		04AD50822A9D5A090088B173 /* RMCharacterDetailView.swift */ = {isa = PBXFileReference; lastKnownFileType = sourcecode.swift; path = RMCharacterDetailView.swift; sourceTree = "<group>"; };
		04AD50842A9D5A290088B173 /* RMCharacterDetailViewViewModel.swift */ = {isa = PBXFileReference; lastKnownFileType = sourcecode.swift; path = RMCharacterDetailViewViewModel.swift; sourceTree = "<group>"; };
		04B1E9482A6F6372008F61A5 /* Rick&Morty.app */ = {isa = PBXFileReference; explicitFileType = wrapper.application; includeInIndex = 0; path = "Rick&Morty.app"; sourceTree = BUILT_PRODUCTS_DIR; };
		04B1E94B2A6F6372008F61A5 /* AppDelegate.swift */ = {isa = PBXFileReference; lastKnownFileType = sourcecode.swift; path = AppDelegate.swift; sourceTree = "<group>"; };
		04B1E94D2A6F6372008F61A5 /* SceneDelegate.swift */ = {isa = PBXFileReference; lastKnownFileType = sourcecode.swift; path = SceneDelegate.swift; sourceTree = "<group>"; };
		04B1E94F2A6F6372008F61A5 /* RMTabBarController.swift */ = {isa = PBXFileReference; lastKnownFileType = sourcecode.swift; path = RMTabBarController.swift; sourceTree = "<group>"; };
		04B1E9542A6F6375008F61A5 /* Assets.xcassets */ = {isa = PBXFileReference; lastKnownFileType = folder.assetcatalog; path = Assets.xcassets; sourceTree = "<group>"; };
		04B1E9572A6F6375008F61A5 /* Base */ = {isa = PBXFileReference; lastKnownFileType = file.storyboard; name = Base; path = Base.lproj/LaunchScreen.storyboard; sourceTree = "<group>"; };
		04B1E9592A6F6375008F61A5 /* Info.plist */ = {isa = PBXFileReference; lastKnownFileType = text.plist.xml; path = Info.plist; sourceTree = "<group>"; };
		04B1E9662A6F6C1C008F61A5 /* RMLocation.swift */ = {isa = PBXFileReference; lastKnownFileType = sourcecode.swift; path = RMLocation.swift; sourceTree = "<group>"; };
		04B1E9682A6F6C2C008F61A5 /* RMCharacter.swift */ = {isa = PBXFileReference; lastKnownFileType = sourcecode.swift; path = RMCharacter.swift; sourceTree = "<group>"; };
		04B1E96A2A6F6C45008F61A5 /* RMEpisode.swift */ = {isa = PBXFileReference; lastKnownFileType = sourcecode.swift; path = RMEpisode.swift; sourceTree = "<group>"; };
		04B1E96D2A6F6D43008F61A5 /* RMCharacterViewController.swift */ = {isa = PBXFileReference; lastKnownFileType = sourcecode.swift; path = RMCharacterViewController.swift; sourceTree = "<group>"; };
		04B1E96F2A6F6D62008F61A5 /* RMLocationViewController.swift */ = {isa = PBXFileReference; lastKnownFileType = sourcecode.swift; path = RMLocationViewController.swift; sourceTree = "<group>"; };
		04B1E9712A6F6D7B008F61A5 /* RMEpisodeViewController.swift */ = {isa = PBXFileReference; lastKnownFileType = sourcecode.swift; path = RMEpisodeViewController.swift; sourceTree = "<group>"; };
		04B1E9732A6F6D8A008F61A5 /* RMSettingsViewController.swift */ = {isa = PBXFileReference; lastKnownFileType = sourcecode.swift; path = RMSettingsViewController.swift; sourceTree = "<group>"; };
		04BB98DB2A9E57550054DAE8 /* RMFooterLoadingCollectionReusableView.swift */ = {isa = PBXFileReference; lastKnownFileType = sourcecode.swift; path = RMFooterLoadingCollectionReusableView.swift; sourceTree = "<group>"; };
/* End PBXFileReference section */

/* Begin PBXFrameworksBuildPhase section */
		04B1E9452A6F6372008F61A5 /* Frameworks */ = {
			isa = PBXFrameworksBuildPhase;
			buildActionMask = 2147483647;
			files = (
			);
			runOnlyForDeploymentPostprocessing = 0;
		};
/* End PBXFrameworksBuildPhase section */

/* Begin PBXGroup section */
		044748032A98039F005B78CE /* APIResponseTypes */ = {
			isa = PBXGroup;
			children = (
				044748042A98039F005B78CE /* RMGetAllCharactersResponse.swift */,
			);
			path = APIResponseTypes;
			sourceTree = "<group>";
		};
		0447480A2A98083B005B78CE /* DataTypes */ = {
			isa = PBXGroup;
			children = (
				04B1E9682A6F6C2C008F61A5 /* RMCharacter.swift */,
				04B1E9662A6F6C1C008F61A5 /* RMLocation.swift */,
				04B1E96A2A6F6C45008F61A5 /* RMEpisode.swift */,
				04234B492A83294200C011E2 /* RMOrigin.swift */,
				04234B4B2A832A3D00C011E2 /* RMSingleLocation.swift */,
				04234B4F2A832BF700C011E2 /* RMCharacterStatus.swift */,
				04234B512A832C4200C011E2 /* RMCharactersGender.swift */,
			);
			path = DataTypes;
			sourceTree = "<group>";
		};
		04AD507F2A9D58850088B173 /* Other */ = {
			isa = PBXGroup;
			children = (
				04AD50802A9D58D40088B173 /* RMCharacterDetailViewController.swift */,
			);
			path = Other;
			sourceTree = "<group>";
		};
		04B1E93F2A6F6372008F61A5 = {
			isa = PBXGroup;
			children = (
				04B1E94A2A6F6372008F61A5 /* Rick&Morty */,
				04B1E9492A6F6372008F61A5 /* Products */,
			);
			sourceTree = "<group>";
		};
		04B1E9492A6F6372008F61A5 /* Products */ = {
			isa = PBXGroup;
			children = (
				04B1E9482A6F6372008F61A5 /* Rick&Morty.app */,
			);
			name = Products;
			sourceTree = "<group>";
		};
		04B1E94A2A6F6372008F61A5 /* Rick&Morty */ = {
			isa = PBXGroup;
			children = (
				04B1E9652A6F687A008F61A5 /* Resources */,
				04B1E9642A6F684C008F61A5 /* Managers */,
				04B1E9632A6F67E4008F61A5 /* APIClient */,
				04B1E9622A6F67BE008F61A5 /* ViewModels */,
				04B1E9612A6F67B0008F61A5 /* Views */,
				04B1E9602A6F679F008F61A5 /* Models */,
				04B1E95F2A6F6780008F61A5 /* Controllers */,
				04B1E9592A6F6375008F61A5 /* Info.plist */,
			);
			path = "Rick&Morty";
			sourceTree = "<group>";
		};
		04B1E95F2A6F6780008F61A5 /* Controllers */ = {
			isa = PBXGroup;
			children = (
				04AD507F2A9D58850088B173 /* Other */,
				04B1E96C2A6F6CF5008F61A5 /* Core */,
			);
			path = Controllers;
			sourceTree = "<group>";
		};
		04B1E9602A6F679F008F61A5 /* Models */ = {
			isa = PBXGroup;
			children = (
				044748032A98039F005B78CE /* APIResponseTypes */,
				0447480A2A98083B005B78CE /* DataTypes */,
			);
			path = Models;
			sourceTree = "<group>";
		};
		04B1E9612A6F67B0008F61A5 /* Views */ = {
			isa = PBXGroup;
			children = (
				044748062A9803BF005B78CE /* RMCharacterListView.swift */,
				044748072A9803BF005B78CE /* RMCharacterCollectionViewCell.swift */,
				04AD50822A9D5A090088B173 /* RMCharacterDetailView.swift */,
				04BB98DB2A9E57550054DAE8 /* RMFooterLoadingCollectionReusableView.swift */,
			);
			path = Views;
			sourceTree = "<group>";
		};
		04B1E9622A6F67BE008F61A5 /* ViewModels */ = {
			isa = PBXGroup;
			children = (
				044747FD2A98035B005B78CE /* RMCharacterListViewViewModel.swift */,
				044747FF2A98037C005B78CE /* RMCharacterCollectionViewCellViewModel.swift */,
				04AD50842A9D5A290088B173 /* RMCharacterDetailViewViewModel.swift */,
			);
			path = ViewModels;
			sourceTree = "<group>";
		};
		04B1E9632A6F67E4008F61A5 /* APIClient */ = {
			isa = PBXGroup;
			children = (
				0424D9BD2A7CC6DB00A5C01D /* RMService.swift */,
				0424D9BF2A7CC6ED00A5C01D /* RMRequest.swift */,
				0424D9C12A7CD24600A5C01D /* RMEndpoint.swift */,
			);
			path = APIClient;
			sourceTree = "<group>";
		};
		04B1E9642A6F684C008F61A5 /* Managers */ = {
			isa = PBXGroup;
			children = (
			);
			path = Managers;
			sourceTree = "<group>";
		};
		04B1E9652A6F687A008F61A5 /* Resources */ = {
			isa = PBXGroup;
			children = (
				04B1E94B2A6F6372008F61A5 /* AppDelegate.swift */,
				04B1E94D2A6F6372008F61A5 /* SceneDelegate.swift */,
				044748012A98038F005B78CE /* Extensions.swift */,
				04B1E9542A6F6375008F61A5 /* Assets.xcassets */,
				04B1E9562A6F6375008F61A5 /* LaunchScreen.storyboard */,
			);
			path = Resources;
			sourceTree = "<group>";
		};
		04B1E96C2A6F6CF5008F61A5 /* Core */ = {
			isa = PBXGroup;
			children = (
				04B1E94F2A6F6372008F61A5 /* RMTabBarController.swift */,
				04B1E96D2A6F6D43008F61A5 /* RMCharacterViewController.swift */,
				04B1E96F2A6F6D62008F61A5 /* RMLocationViewController.swift */,
				04B1E9712A6F6D7B008F61A5 /* RMEpisodeViewController.swift */,
				04B1E9732A6F6D8A008F61A5 /* RMSettingsViewController.swift */,
			);
			path = Core;
			sourceTree = "<group>";
		};
/* End PBXGroup section */

/* Begin PBXNativeTarget section */
		04B1E9472A6F6372008F61A5 /* Rick&Morty */ = {
			isa = PBXNativeTarget;
			buildConfigurationList = 04B1E95C2A6F6375008F61A5 /* Build configuration list for PBXNativeTarget "Rick&Morty" */;
			buildPhases = (
				04B1E9442A6F6372008F61A5 /* Sources */,
				04B1E9452A6F6372008F61A5 /* Frameworks */,
				04B1E9462A6F6372008F61A5 /* Resources */,
			);
			buildRules = (
			);
			dependencies = (
			);
			name = "Rick&Morty";
			productName = "Rick&Morty";
			productReference = 04B1E9482A6F6372008F61A5 /* Rick&Morty.app */;
			productType = "com.apple.product-type.application";
		};
/* End PBXNativeTarget section */

/* Begin PBXProject section */
		04B1E9402A6F6372008F61A5 /* Project object */ = {
			isa = PBXProject;
			attributes = {
				BuildIndependentTargetsInParallel = 1;
				LastSwiftUpdateCheck = 1420;
				LastUpgradeCheck = 1420;
				TargetAttributes = {
					04B1E9472A6F6372008F61A5 = {
						CreatedOnToolsVersion = 14.2;
					};
				};
			};
			buildConfigurationList = 04B1E9432A6F6372008F61A5 /* Build configuration list for PBXProject "Rick&Morty" */;
			compatibilityVersion = "Xcode 14.0";
			developmentRegion = en;
			hasScannedForEncodings = 0;
			knownRegions = (
				en,
				Base,
			);
			mainGroup = 04B1E93F2A6F6372008F61A5;
			productRefGroup = 04B1E9492A6F6372008F61A5 /* Products */;
			projectDirPath = "";
			projectRoot = "";
			targets = (
				04B1E9472A6F6372008F61A5 /* Rick&Morty */,
			);
		};
/* End PBXProject section */

/* Begin PBXResourcesBuildPhase section */
		04B1E9462A6F6372008F61A5 /* Resources */ = {
			isa = PBXResourcesBuildPhase;
			buildActionMask = 2147483647;
			files = (
				04B1E9582A6F6375008F61A5 /* LaunchScreen.storyboard in Resources */,
				04B1E9552A6F6375008F61A5 /* Assets.xcassets in Resources */,
			);
			runOnlyForDeploymentPostprocessing = 0;
		};
/* End PBXResourcesBuildPhase section */

/* Begin PBXSourcesBuildPhase section */
		04B1E9442A6F6372008F61A5 /* Sources */ = {
			isa = PBXSourcesBuildPhase;
			buildActionMask = 2147483647;
			files = (
				04234B4A2A83294200C011E2 /* RMOrigin.swift in Sources */,
				04234B4C2A832A3D00C011E2 /* RMSingleLocation.swift in Sources */,
				04234B502A832BF700C011E2 /* RMCharacterStatus.swift in Sources */,
				04234B522A832C4200C011E2 /* RMCharactersGender.swift in Sources */,
				044748002A98037C005B78CE /* RMCharacterCollectionViewCellViewModel.swift in Sources */,
				04B1E9702A6F6D62008F61A5 /* RMLocationViewController.swift in Sources */,
				04AD50812A9D58D40088B173 /* RMCharacterDetailViewController.swift in Sources */,
				04B1E96B2A6F6C45008F61A5 /* RMEpisode.swift in Sources */,
				04B1E9502A6F6372008F61A5 /* RMTabBarController.swift in Sources */,
				04B1E9722A6F6D7B008F61A5 /* RMEpisodeViewController.swift in Sources */,
				04B1E94C2A6F6372008F61A5 /* AppDelegate.swift in Sources */,
				04B1E9692A6F6C2C008F61A5 /* RMCharacter.swift in Sources */,
				044748052A98039F005B78CE /* RMGetAllCharactersResponse.swift in Sources */,
				04B1E9742A6F6D8A008F61A5 /* RMSettingsViewController.swift in Sources */,
				044748082A9803BF005B78CE /* RMCharacterListView.swift in Sources */,
				0424D9BE2A7CC6DB00A5C01D /* RMService.swift in Sources */,
				04BB98DC2A9E57550054DAE8 /* RMFooterLoadingCollectionReusableView.swift in Sources */,
				04B1E94E2A6F6372008F61A5 /* SceneDelegate.swift in Sources */,
				0424D9C22A7CD24600A5C01D /* RMEndpoint.swift in Sources */,
				044748022A98038F005B78CE /* Extensions.swift in Sources */,
				04B1E9672A6F6C1C008F61A5 /* RMLocation.swift in Sources */,
				044748092A9803BF005B78CE /* RMCharacterCollectionViewCell.swift in Sources */,
				0424D9C02A7CC6ED00A5C01D /* RMRequest.swift in Sources */,
				044747FE2A98035B005B78CE /* RMCharacterListViewViewModel.swift in Sources */,
				04AD50852A9D5A290088B173 /* RMCharacterDetailViewViewModel.swift in Sources */,
				04B1E96E2A6F6D43008F61A5 /* RMCharacterViewController.swift in Sources */,
				04AD50832A9D5A090088B173 /* RMCharacterDetailView.swift in Sources */,
			);
			runOnlyForDeploymentPostprocessing = 0;
		};
/* End PBXSourcesBuildPhase section */

/* Begin PBXVariantGroup section */
		04B1E9562A6F6375008F61A5 /* LaunchScreen.storyboard */ = {
			isa = PBXVariantGroup;
			children = (
				04B1E9572A6F6375008F61A5 /* Base */,
			);
			name = LaunchScreen.storyboard;
			sourceTree = "<group>";
		};
/* End PBXVariantGroup section */

/* Begin XCBuildConfiguration section */
		04B1E95A2A6F6375008F61A5 /* Debug */ = {
			isa = XCBuildConfiguration;
			buildSettings = {
				ALWAYS_SEARCH_USER_PATHS = NO;
				CLANG_ANALYZER_NONNULL = YES;
				CLANG_ANALYZER_NUMBER_OBJECT_CONVERSION = YES_AGGRESSIVE;
				CLANG_CXX_LANGUAGE_STANDARD = "gnu++20";
				CLANG_ENABLE_MODULES = YES;
				CLANG_ENABLE_OBJC_ARC = YES;
				CLANG_ENABLE_OBJC_WEAK = YES;
				CLANG_WARN_BLOCK_CAPTURE_AUTORELEASING = YES;
				CLANG_WARN_BOOL_CONVERSION = YES;
				CLANG_WARN_COMMA = YES;
				CLANG_WARN_CONSTANT_CONVERSION = YES;
				CLANG_WARN_DEPRECATED_OBJC_IMPLEMENTATIONS = YES;
				CLANG_WARN_DIRECT_OBJC_ISA_USAGE = YES_ERROR;
				CLANG_WARN_DOCUMENTATION_COMMENTS = YES;
				CLANG_WARN_EMPTY_BODY = YES;
				CLANG_WARN_ENUM_CONVERSION = YES;
				CLANG_WARN_INFINITE_RECURSION = YES;
				CLANG_WARN_INT_CONVERSION = YES;
				CLANG_WARN_NON_LITERAL_NULL_CONVERSION = YES;
				CLANG_WARN_OBJC_IMPLICIT_RETAIN_SELF = YES;
				CLANG_WARN_OBJC_LITERAL_CONVERSION = YES;
				CLANG_WARN_OBJC_ROOT_CLASS = YES_ERROR;
				CLANG_WARN_QUOTED_INCLUDE_IN_FRAMEWORK_HEADER = YES;
				CLANG_WARN_RANGE_LOOP_ANALYSIS = YES;
				CLANG_WARN_STRICT_PROTOTYPES = YES;
				CLANG_WARN_SUSPICIOUS_MOVE = YES;
				CLANG_WARN_UNGUARDED_AVAILABILITY = YES_AGGRESSIVE;
				CLANG_WARN_UNREACHABLE_CODE = YES;
				CLANG_WARN__DUPLICATE_METHOD_MATCH = YES;
				COPY_PHASE_STRIP = NO;
				DEBUG_INFORMATION_FORMAT = dwarf;
				ENABLE_STRICT_OBJC_MSGSEND = YES;
				ENABLE_TESTABILITY = YES;
				GCC_C_LANGUAGE_STANDARD = gnu11;
				GCC_DYNAMIC_NO_PIC = NO;
				GCC_NO_COMMON_BLOCKS = YES;
				GCC_OPTIMIZATION_LEVEL = 0;
				GCC_PREPROCESSOR_DEFINITIONS = (
					"DEBUG=1",
					"$(inherited)",
				);
				GCC_WARN_64_TO_32_BIT_CONVERSION = YES;
				GCC_WARN_ABOUT_RETURN_TYPE = YES_ERROR;
				GCC_WARN_UNDECLARED_SELECTOR = YES;
				GCC_WARN_UNINITIALIZED_AUTOS = YES_AGGRESSIVE;
				GCC_WARN_UNUSED_FUNCTION = YES;
				GCC_WARN_UNUSED_VARIABLE = YES;
				IPHONEOS_DEPLOYMENT_TARGET = 16.2;
				MTL_ENABLE_DEBUG_INFO = INCLUDE_SOURCE;
				MTL_FAST_MATH = YES;
				ONLY_ACTIVE_ARCH = YES;
				SDKROOT = iphoneos;
				SWIFT_ACTIVE_COMPILATION_CONDITIONS = DEBUG;
				SWIFT_OPTIMIZATION_LEVEL = "-Onone";
			};
			name = Debug;
		};
		04B1E95B2A6F6375008F61A5 /* Release */ = {
			isa = XCBuildConfiguration;
			buildSettings = {
				ALWAYS_SEARCH_USER_PATHS = NO;
				CLANG_ANALYZER_NONNULL = YES;
				CLANG_ANALYZER_NUMBER_OBJECT_CONVERSION = YES_AGGRESSIVE;
				CLANG_CXX_LANGUAGE_STANDARD = "gnu++20";
				CLANG_ENABLE_MODULES = YES;
				CLANG_ENABLE_OBJC_ARC = YES;
				CLANG_ENABLE_OBJC_WEAK = YES;
				CLANG_WARN_BLOCK_CAPTURE_AUTORELEASING = YES;
				CLANG_WARN_BOOL_CONVERSION = YES;
				CLANG_WARN_COMMA = YES;
				CLANG_WARN_CONSTANT_CONVERSION = YES;
				CLANG_WARN_DEPRECATED_OBJC_IMPLEMENTATIONS = YES;
				CLANG_WARN_DIRECT_OBJC_ISA_USAGE = YES_ERROR;
				CLANG_WARN_DOCUMENTATION_COMMENTS = YES;
				CLANG_WARN_EMPTY_BODY = YES;
				CLANG_WARN_ENUM_CONVERSION = YES;
				CLANG_WARN_INFINITE_RECURSION = YES;
				CLANG_WARN_INT_CONVERSION = YES;
				CLANG_WARN_NON_LITERAL_NULL_CONVERSION = YES;
				CLANG_WARN_OBJC_IMPLICIT_RETAIN_SELF = YES;
				CLANG_WARN_OBJC_LITERAL_CONVERSION = YES;
				CLANG_WARN_OBJC_ROOT_CLASS = YES_ERROR;
				CLANG_WARN_QUOTED_INCLUDE_IN_FRAMEWORK_HEADER = YES;
				CLANG_WARN_RANGE_LOOP_ANALYSIS = YES;
				CLANG_WARN_STRICT_PROTOTYPES = YES;
				CLANG_WARN_SUSPICIOUS_MOVE = YES;
				CLANG_WARN_UNGUARDED_AVAILABILITY = YES_AGGRESSIVE;
				CLANG_WARN_UNREACHABLE_CODE = YES;
				CLANG_WARN__DUPLICATE_METHOD_MATCH = YES;
				COPY_PHASE_STRIP = NO;
				DEBUG_INFORMATION_FORMAT = "dwarf-with-dsym";
				ENABLE_NS_ASSERTIONS = NO;
				ENABLE_STRICT_OBJC_MSGSEND = YES;
				GCC_C_LANGUAGE_STANDARD = gnu11;
				GCC_NO_COMMON_BLOCKS = YES;
				GCC_WARN_64_TO_32_BIT_CONVERSION = YES;
				GCC_WARN_ABOUT_RETURN_TYPE = YES_ERROR;
				GCC_WARN_UNDECLARED_SELECTOR = YES;
				GCC_WARN_UNINITIALIZED_AUTOS = YES_AGGRESSIVE;
				GCC_WARN_UNUSED_FUNCTION = YES;
				GCC_WARN_UNUSED_VARIABLE = YES;
				IPHONEOS_DEPLOYMENT_TARGET = 16.2;
				MTL_ENABLE_DEBUG_INFO = NO;
				MTL_FAST_MATH = YES;
				SDKROOT = iphoneos;
				SWIFT_COMPILATION_MODE = wholemodule;
				SWIFT_OPTIMIZATION_LEVEL = "-O";
				VALIDATE_PRODUCT = YES;
			};
			name = Release;
		};
		04B1E95D2A6F6375008F61A5 /* Debug */ = {
			isa = XCBuildConfiguration;
			buildSettings = {
				ASSETCATALOG_COMPILER_APPICON_NAME = AppIcon;
				ASSETCATALOG_COMPILER_GLOBAL_ACCENT_COLOR_NAME = AccentColor;
				CODE_SIGN_STYLE = Automatic;
				CURRENT_PROJECT_VERSION = 1;
				DEVELOPMENT_TEAM = B3X5Z84XW5;
				GENERATE_INFOPLIST_FILE = YES;
				INFOPLIST_FILE = "Rick&Morty/Info.plist";
				INFOPLIST_KEY_UIApplicationSupportsIndirectInputEvents = YES;
				INFOPLIST_KEY_UILaunchStoryboardName = LaunchScreen;
				INFOPLIST_KEY_UISupportedInterfaceOrientations_iPad = "UIInterfaceOrientationPortrait UIInterfaceOrientationPortraitUpsideDown UIInterfaceOrientationLandscapeLeft UIInterfaceOrientationLandscapeRight";
				INFOPLIST_KEY_UISupportedInterfaceOrientations_iPhone = "UIInterfaceOrientationPortrait UIInterfaceOrientationLandscapeLeft UIInterfaceOrientationLandscapeRight";
				LD_RUNPATH_SEARCH_PATHS = (
					"$(inherited)",
					"@executable_path/Frameworks",
				);
				MARKETING_VERSION = 1.0;
				PRODUCT_BUNDLE_IDENTIFIER = "cyberbitrix.Rick-Morty";
				PRODUCT_NAME = "$(TARGET_NAME)";
				SWIFT_EMIT_LOC_STRINGS = YES;
				SWIFT_VERSION = 5.0;
				TARGETED_DEVICE_FAMILY = "1,2";
			};
			name = Debug;
		};
		04B1E95E2A6F6375008F61A5 /* Release */ = {
			isa = XCBuildConfiguration;
			buildSettings = {
				ASSETCATALOG_COMPILER_APPICON_NAME = AppIcon;
				ASSETCATALOG_COMPILER_GLOBAL_ACCENT_COLOR_NAME = AccentColor;
				CODE_SIGN_STYLE = Automatic;
				CURRENT_PROJECT_VERSION = 1;
				DEVELOPMENT_TEAM = B3X5Z84XW5;
				GENERATE_INFOPLIST_FILE = YES;
				INFOPLIST_FILE = "Rick&Morty/Info.plist";
				INFOPLIST_KEY_UIApplicationSupportsIndirectInputEvents = YES;
				INFOPLIST_KEY_UILaunchStoryboardName = LaunchScreen;
				INFOPLIST_KEY_UISupportedInterfaceOrientations_iPad = "UIInterfaceOrientationPortrait UIInterfaceOrientationPortraitUpsideDown UIInterfaceOrientationLandscapeLeft UIInterfaceOrientationLandscapeRight";
				INFOPLIST_KEY_UISupportedInterfaceOrientations_iPhone = "UIInterfaceOrientationPortrait UIInterfaceOrientationLandscapeLeft UIInterfaceOrientationLandscapeRight";
				LD_RUNPATH_SEARCH_PATHS = (
					"$(inherited)",
					"@executable_path/Frameworks",
				);
				MARKETING_VERSION = 1.0;
				PRODUCT_BUNDLE_IDENTIFIER = "cyberbitrix.Rick-Morty";
				PRODUCT_NAME = "$(TARGET_NAME)";
				SWIFT_EMIT_LOC_STRINGS = YES;
				SWIFT_VERSION = 5.0;
				TARGETED_DEVICE_FAMILY = "1,2";
			};
			name = Release;
		};
/* End XCBuildConfiguration section */

/* Begin XCConfigurationList section */
		04B1E9432A6F6372008F61A5 /* Build configuration list for PBXProject "Rick&Morty" */ = {
			isa = XCConfigurationList;
			buildConfigurations = (
				04B1E95A2A6F6375008F61A5 /* Debug */,
				04B1E95B2A6F6375008F61A5 /* Release */,
			);
			defaultConfigurationIsVisible = 0;
			defaultConfigurationName = Release;
		};
		04B1E95C2A6F6375008F61A5 /* Build configuration list for PBXNativeTarget "Rick&Morty" */ = {
			isa = XCConfigurationList;
			buildConfigurations = (
				04B1E95D2A6F6375008F61A5 /* Debug */,
				04B1E95E2A6F6375008F61A5 /* Release */,
			);
			defaultConfigurationIsVisible = 0;
			defaultConfigurationName = Release;
		};
/* End XCConfigurationList section */
	};
	rootObject = 04B1E9402A6F6372008F61A5 /* Project object */;
}
